
Microsoft Visual Studio Solution File, Format Version 12.00
# Visual Studio Version 17
VisualStudioVersion = 17.9.34714.143
MinimumVisualStudioVersion = 10.0.40219.1
Project("{8BC9CEB8-8B4A-11D0-8D11-00A0C91BC942}") = "OOP ASSIGNMENT 1", "OOP ASSIGNMENT 1\OOP ASSIGNMENT 1.vcxproj", "{D2CF4434-39CB-485C-B4DA-D5B8ED680DFD}"
EndProject
Global
	GlobalSection(SolutionConfigurationPlatforms) = preSolution
		Debug|x64 = Debug|x64
		Debug|x86 = Debug|x86
		Release|x64 = Release|x64
		Release|x86 = Release|x86
	EndGlobalSection
	GlobalSection(ProjectConfigurationPlatforms) = postSolution
		{D2CF4434-39CB-485C-B4DA-D5B8ED680DFD}.Debug|x64.ActiveCfg = Debug|x64
		{D2CF4434-39CB-485C-B4DA-D5B8ED680DFD}.Debug|x64.Build.0 = Debug|x64
		{D2CF4434-39CB-485C-B4DA-D5B8ED680DFD}.Debug|x86.ActiveCfg = Debug|Win32
		{D2CF4434-39CB-485C-B4DA-D5B8ED680DFD}.Debug|x86.Build.0 = Debug|Win32
		{D2CF4434-39CB-485C-B4DA-D5B8ED680DFD}.Release|x64.ActiveCfg = Release|x64
		{D2CF4434-39CB-485C-B4DA-D5B8ED680DFD}.Release|x64.Build.0 = Release|x64
		{D2CF4434-39CB-485C-B4DA-D5B8ED680DFD}.Release|x86.ActiveCfg = Release|Win32
		{D2CF4434-39CB-485C-B4DA-D5B8ED680DFD}.Release|x86.Build.0 = Release|Win32
	EndGlobalSection
	GlobalSection(SolutionProperties) = preSolution
		HideSolutionNode = FALSE
	EndGlobalSection
	GlobalSection(ExtensibilityGlobals) = postSolution
		SolutionGuid = {F731A217-6C8A-4DCB-BC66-81AD349C336A}
	EndGlobalSection
EndGlobal
